{"SurveyEntry":{"SurveyID":"SV_cTJO6L8oD183qCN","SurveyName":"Lab Presentation Survey #2","SurveyDescription":null,"SurveyOwnerID":"UR_8kafyLhY7NrSdpz","SurveyBrandID":"duke","DivisionID":null,"SurveyLanguage":"EN","SurveyActiveResponseSet":"RS_8ByP04wIgVyYIBf","SurveyStatus":"Active","SurveyStartDate":"0000-00-00 00:00:00","SurveyExpirationDate":"0000-00-00 00:00:00","SurveyCreationDate":"2019-11-08 11:06:11","CreatorID":"UR_8kafyLhY7NrSdpz","LastModified":"2019-11-08 14:17:21","LastAccessed":"0000-00-00 00:00:00","LastActivated":"2019-11-08 11:14:33","Deleted":null},"SurveyElements":[{"SurveyID":"SV_cTJO6L8oD183qCN","Element":"BL","PrimaryAttribute":"Survey Blocks","SecondaryAttribute":null,"TertiaryAttribute":null,"Payload":[{"Type":"Default","Description":"Default Question Block","ID":"BL_b72nVwWBu30N4zP","BlockElements":[{"Type":"Question","QuestionID":"QID1"},{"Type":"Question","QuestionID":"QID2"},{"Type":"Question","QuestionID":"QID3"}]},{"Type":"Trash","Description":"Trash \/ Unused Questions","ID":"BL_bOfra4cQFzGKNoN"}]},{"SurveyID":"SV_cTJO6L8oD183qCN","Element":"FL","PrimaryAttribute":"Survey Flow","SecondaryAttribute":null,"TertiaryAttribute":null,"Payload":{"Type":"Root","FlowID":"FL_1","Flow":[{"Type":"EmbeddedData","FlowID":"FL_3","EmbeddedData":[{"Description":"subject_id","Type":"Recipient","Field":"subject_id","VariableType":"String","DataVisibility":[],"AnalyzeText":false},{"Description":"experimental_condition","Type":"Recipient","Field":"experimental_condition","VariableType":"String","DataVisibility":[],"AnalyzeText":false},{"Description":"food1","Type":"Recipient","Field":"food1","VariableType":"String","DataVisibility":[],"AnalyzeText":false},{"Description":"food2","Type":"Recipient","Field":"food2","VariableType":"String","DataVisibility":[],"AnalyzeText":false}]},{"Type":"Block","ID":"BL_b72nVwWBu30N4zP","FlowID":"FL_2"}],"Properties":{"Count":3,"RemovedFieldsets":[]}}},{"SurveyID":"SV_cTJO6L8oD183qCN","Element":"SO","PrimaryAttribute":"Survey Options","SecondaryAttribute":null,"TertiaryAttribute":null,"Payload":{"BackButton":"false","SaveAndContinue":"true","SurveyProtection":"PublicSurvey","BallotBoxStuffingPrevention":"false","NoIndex":"Yes","SecureResponseFiles":"true","SurveyExpiration":"None","SurveyTermination":"DefaultMessage","Header":"","Footer":"","ProgressBarDisplay":"None","PartialData":"+1 week","ValidationMessage":"","PreviousButton":" \u2190 ","NextButton":" \u2192 ","SkinLibrary":"duke","SkinType":"MQ","Skin":"standard_responsive","NewScoring":1}},{"SurveyID":"SV_cTJO6L8oD183qCN","Element":"SCO","PrimaryAttribute":"Scoring","SecondaryAttribute":null,"TertiaryAttribute":null,"Payload":{"ScoringCategories":[],"ScoringCategoryGroups":[],"ScoringSummaryCategory":null,"ScoringSummaryAfterQuestions":0,"ScoringSummaryAfterSurvey":0,"DefaultScoringCategory":null,"AutoScoringCategory":null}},{"SurveyID":"SV_cTJO6L8oD183qCN","Element":"PROJ","PrimaryAttribute":"CORE","SecondaryAttribute":null,"TertiaryAttribute":"1.1.0","Payload":{"ProjectCategory":"CORE","SchemaVersion":"1.1.0"}},{"SurveyID":"SV_cTJO6L8oD183qCN","Element":"STAT","PrimaryAttribute":"Survey Statistics","SecondaryAttribute":null,"TertiaryAttribute":null,"Payload":{"MobileCompatible":false,"ID":"Survey Statistics"}},{"SurveyID":"SV_cTJO6L8oD183qCN","Element":"QC","PrimaryAttribute":"Survey Question Count","SecondaryAttribute":"3","TertiaryAttribute":null,"Payload":null},{"SurveyID":"SV_cTJO6L8oD183qCN","Element":"SQ","PrimaryAttribute":"QID2","SecondaryAttribute":"Based on the results of the game, you won: \u00a0 ${e:\/\/Field\/food1} and ${e:\/\/Field\/food2}!","TertiaryAttribute":null,"Payload":{"QuestionText":"Based on the results of the game, you won:\n<div>&nbsp;<\/div>\n\n<div>${e:\/\/Field\/food1} and ${e:\/\/Field\/food2}!<\/div>","DefaultChoices":false,"DataExportTag":"Q2","QuestionType":"DB","Selector":"TB","Configuration":{"QuestionDescriptionOption":"UseText"},"QuestionDescription":"Based on the results of the game, you won: \u00a0 ${e:\/\/Field\/food1} and ${e:\/\/Field\/food2}!","ChoiceOrder":[],"Validation":{"Settings":{"Type":"None"}},"GradingData":[],"Language":[],"NextChoiceId":4,"NextAnswerId":1,"QuestionID":"QID2"}},{"SurveyID":"SV_cTJO6L8oD183qCN","Element":"RS","PrimaryAttribute":"RS_8ByP04wIgVyYIBf","SecondaryAttribute":"Default Response Set","TertiaryAttribute":null,"Payload":null},{"SurveyID":"SV_cTJO6L8oD183qCN","Element":"SQ","PrimaryAttribute":"QID3","SecondaryAttribute":"How much do you like each of the foods that you won?","TertiaryAttribute":null,"Payload":{"QuestionText":"How much do you like each of the foods that you won?","DefaultChoices":false,"DataExportTag":"Q3","QuestionType":"Matrix","Selector":"Likert","SubSelector":"SingleAnswer","Configuration":{"QuestionDescriptionOption":"UseText","TextPosition":"inline","ChoiceColumnWidth":25,"RepeatHeaders":"none","WhiteSpace":"OFF","MobileFirst":true},"QuestionDescription":"How much do you like each of the foods that you won?","Choices":{"1":{"Display":"","Image":{"Display":"01_apple.png","ImageLocation":"IM_8G1Fgj2GwExlDwh"},"DisplayLogic":{"0":{"0":{"LogicType":"EmbeddedField","LeftOperand":"food1","Operator":"EqualTo","RightOperand":"Apples","Type":"Expression","Description":"<span class=\"ConjDesc\">If<\/span>  <span class=\"LeftOpDesc\">food1<\/span> <span class=\"OpDesc\">Is Equal to<\/span> <span class=\"RightOpDesc\"> Apples <\/span>"},"1":{"LogicType":"EmbeddedField","LeftOperand":"food2","Operator":"EqualTo","RightOperand":"Apples","Type":"Expression","Description":"<span class=\"ConjDesc\">Or<\/span>  <span class=\"LeftOpDesc\">food2<\/span> <span class=\"OpDesc\">Is Equal to<\/span> <span class=\"RightOpDesc\"> Apples <\/span>","Conjuction":"Or"},"Type":"If"},"Type":"BooleanExpression","inPage":false}},"2":{"Display":"","Image":{"Display":"09_gummybears.png","ImageLocation":"IM_0kwQA3l057GLpJ3"},"DisplayLogic":{"0":{"0":{"LogicType":"EmbeddedField","LeftOperand":"food1","Operator":"EqualTo","RightOperand":"Gummies","Type":"Expression","Description":"<span class=\"ConjDesc\">If<\/span>  <span class=\"LeftOpDesc\">food1<\/span> <span class=\"OpDesc\">Is Equal to<\/span> <span class=\"RightOpDesc\"> Gummies <\/span>"},"1":{"LogicType":"EmbeddedField","LeftOperand":"food2","Operator":"EqualTo","RightOperand":"Gummies","Type":"Expression","Description":"<span class=\"ConjDesc\">Or<\/span>  <span class=\"LeftOpDesc\">food2<\/span> <span class=\"OpDesc\">Is Equal to<\/span> <span class=\"RightOpDesc\"> Gummies <\/span>","Conjuction":"Or"},"Type":"If"},"Type":"BooleanExpression","inPage":false}},"3":{"Display":"","Image":{"Display":"17_kitkat.png","ImageLocation":"IM_9pre4qgObAH768l"},"DisplayLogic":{"0":{"0":{"LogicType":"EmbeddedField","LeftOperand":"food1","Operator":"EqualTo","RightOperand":"KitKats","Type":"Expression","Description":"<span class=\"ConjDesc\">If<\/span>  <span class=\"LeftOpDesc\">food1<\/span> <span class=\"OpDesc\">Is Equal to<\/span> <span class=\"RightOpDesc\"> KitKats <\/span>"},"1":{"LogicType":"EmbeddedField","LeftOperand":"food2","Operator":"EqualTo","RightOperand":"KitKats","Type":"Expression","Description":"<span class=\"ConjDesc\">Or<\/span>  <span class=\"LeftOpDesc\">food2<\/span> <span class=\"OpDesc\">Is Equal to<\/span> <span class=\"RightOpDesc\"> KitKats <\/span>","Conjuction":"Or"},"Type":"If"},"Type":"BooleanExpression","inPage":false}},"4":{"Display":"","Image":{"Display":"24_popchips.png","ImageLocation":"IM_8xkQmNLDJEWj1Bj"},"DisplayLogic":{"0":{"0":{"LogicType":"EmbeddedField","LeftOperand":"food1","Operator":"EqualTo","RightOperand":"PopChips","Type":"Expression","Description":"<span class=\"ConjDesc\">If<\/span>  <span class=\"LeftOpDesc\">food1<\/span> <span class=\"OpDesc\">Is Equal to<\/span> <span class=\"RightOpDesc\"> PopChips <\/span>"},"1":{"LogicType":"EmbeddedField","LeftOperand":"food2","Operator":"EqualTo","RightOperand":"PopChips","Type":"Expression","Description":"<span class=\"ConjDesc\">Or<\/span>  <span class=\"LeftOpDesc\">food2<\/span> <span class=\"OpDesc\">Is Equal to<\/span> <span class=\"RightOpDesc\"> PopChips <\/span>","Conjuction":"Or"},"Type":"If"},"Type":"BooleanExpression","inPage":false}},"5":{"Display":"","Image":{"Display":"04_beets.png","ImageLocation":"IM_6GqrbSywm13jRNH"},"DisplayLogic":{"0":{"0":{"LogicType":"EmbeddedField","LeftOperand":"food1","Operator":"EqualTo","RightOperand":"Beets","Type":"Expression","Description":"<span class=\"ConjDesc\">If<\/span>  <span class=\"LeftOpDesc\">food1<\/span> <span class=\"OpDesc\">Is Equal to<\/span> <span class=\"RightOpDesc\"> Beets <\/span>"},"1":{"LogicType":"EmbeddedField","LeftOperand":"food2","Operator":"EqualTo","RightOperand":"Beets","Type":"Expression","Description":"<span class=\"ConjDesc\">Or<\/span>  <span class=\"LeftOpDesc\">food2<\/span> <span class=\"OpDesc\">Is Equal to<\/span> <span class=\"RightOpDesc\"> Beets <\/span>","Conjuction":"Or"},"Type":"If"},"Type":"BooleanExpression","inPage":false}}},"ChoiceOrder":[1,2,3,4,5],"Validation":{"Settings":{"ForceResponse":"OFF","ForceResponseType":"ON","Type":"None"}},"GradingData":[],"Language":[],"NextChoiceId":6,"NextAnswerId":6,"Answers":{"1":{"Display":"I really like this food."},"2":{"Display":"I like this food."},"3":{"Display":"I do not know."},"4":{"Display":"I do not like this food."},"5":{"Display":"I really do not like this food."}},"AnswerOrder":[1,2,3,4,5],"ChoiceDataExportTags":false,"QuestionID":"QID3","DataVisibility":{"Private":false,"Hidden":false}}},{"SurveyID":"SV_cTJO6L8oD183qCN","Element":"SQ","PrimaryAttribute":"QID1","SecondaryAttribute":"Let's make sure the identifying variables piped in from the URL: Subject ID =\u00a0...","TertiaryAttribute":null,"Payload":{"QuestionText":"Let&#39;s make sure the identifying variables piped in from the URL:<br \/>\n<br \/>\nSubject ID =&nbsp;${e:\/\/Field\/subject_id}<br \/>\nExperimental Condition =&nbsp;${e:\/\/Field\/experimental_condition}","DefaultChoices":false,"DataExportTag":"Q1","QuestionType":"DB","Selector":"TB","Configuration":{"QuestionDescriptionOption":"UseText"},"QuestionDescription":"Let's make sure the identifying variables piped in from the URL: Subject ID =\u00a0...","ChoiceOrder":[],"Validation":{"Settings":{"Type":"None"}},"GradingData":[],"Language":[],"NextChoiceId":4,"NextAnswerId":1,"QuestionID":"QID1","DataVisibility":{"Private":false,"Hidden":false}}}]}