{"SurveyEntry":{"SurveyID":"SV_ePvCXzEVA8KoQPb","SurveyName":"Lab Presentation","SurveyDescription":null,"SurveyOwnerID":"UR_8kafyLhY7NrSdpz","SurveyBrandID":"duke","DivisionID":null,"SurveyLanguage":"EN","SurveyActiveResponseSet":"RS_879bZi2P7mtgyTH","SurveyStatus":"Active","SurveyStartDate":"0000-00-00 00:00:00","SurveyExpirationDate":"0000-00-00 00:00:00","SurveyCreationDate":"2019-11-05 15:33:48","CreatorID":"UR_8kafyLhY7NrSdpz","LastModified":"2019-11-12 11:33:25","LastAccessed":"0000-00-00 00:00:00","LastActivated":"2019-11-05 19:41:32","Deleted":null},"SurveyElements":[{"SurveyID":"SV_ePvCXzEVA8KoQPb","Element":"BL","PrimaryAttribute":"Survey Blocks","SecondaryAttribute":null,"TertiaryAttribute":null,"Payload":[{"Type":"Default","Description":"Default Question Block","ID":"BL_6hda5GL7i1aQ47P","BlockElements":[{"Type":"Question","QuestionID":"QID1"},{"Type":"Question","QuestionID":"QID2"}]},{"Type":"Trash","Description":"Trash \/ Unused Questions","ID":"BL_8B51XCBAcXiyQuh"}]},{"SurveyID":"SV_ePvCXzEVA8KoQPb","Element":"FL","PrimaryAttribute":"Survey Flow","SecondaryAttribute":null,"TertiaryAttribute":null,"Payload":{"Type":"Root","FlowID":"FL_1","Flow":[{"Type":"EmbeddedData","FlowID":"FL_3","EmbeddedData":[{"Description":"subject_id","Type":"Recipient","Field":"subject_id","VariableType":"String","DataVisibility":[],"AnalyzeText":false},{"Description":"experimental_condition","Type":"Recipient","Field":"experimental_condition","VariableType":"String","DataVisibility":[],"AnalyzeText":false},{"Description":"ResponseID","Type":"Recipient","Field":"ResponseID","VariableType":"String","DataVisibility":[],"AnalyzeText":false}]},{"Type":"Block","ID":"BL_6hda5GL7i1aQ47P","FlowID":"FL_2"}],"Properties":{"Count":3,"RemovedFieldsets":[]}}},{"SurveyID":"SV_ePvCXzEVA8KoQPb","Element":"SO","PrimaryAttribute":"Survey Options","SecondaryAttribute":null,"TertiaryAttribute":null,"Payload":{"BackButton":"false","SaveAndContinue":"true","SurveyProtection":"PublicSurvey","BallotBoxStuffingPrevention":"false","NoIndex":"Yes","SecureResponseFiles":"true","SurveyExpiration":null,"SurveyTermination":"DisplayMessage","Header":"","Footer":"","ProgressBarDisplay":"None","PartialData":"+1 week","ValidationMessage":null,"PreviousButton":" \u2190 ","NextButton":" \u2192 ","SkinLibrary":"duke","SkinType":"templated","Skin":{"brandingId":"1852927161","templateId":"*base","overrides":null},"NewScoring":1,"CustomStyles":[],"EOSMessage":"MS_3P3hUBOoI1ICK6V","ShowExportTags":"false","CollectGeoLocation":"false","SurveyTitle":"Online Survey Software | Qualtrics Survey Solutions","SurveyMetaDescription":"Qualtrics sophisticated online survey software solutions make creating online surveys easy. Learn more about Research Suite and get a free account today.","PasswordProtection":"No","AnonymizeResponse":"No","Password":"","RefererCheck":"No","RefererURL":"http:\/\/","UseCustomSurveyLinkCompletedMessage":null,"SurveyLinkCompletedMessage":"","SurveyLinkCompletedMessageLibrary":"","ResponseSummary":"No","EOSMessageLibrary":"UR_8kafyLhY7NrSdpz","EOSRedirectURL":"https:\/\/","EmailThankYou":"false","ThankYouEmailMessageLibrary":null,"ThankYouEmailMessage":null,"ValidateMessage":"false","ValidationMessageLibrary":null,"InactiveSurvey":"DefaultMessage","PartialDataCloseAfter":"LastActivity","ActiveResponseSet":null,"InactiveMessageLibrary":"","InactiveMessage":"","AvailableLanguages":{"EN":[]},"ProtectSelectionIds":true}},{"SurveyID":"SV_ePvCXzEVA8KoQPb","Element":"SCO","PrimaryAttribute":"Scoring","SecondaryAttribute":null,"TertiaryAttribute":null,"Payload":{"ScoringCategories":[],"ScoringCategoryGroups":[],"ScoringSummaryCategory":null,"ScoringSummaryAfterQuestions":0,"ScoringSummaryAfterSurvey":0,"DefaultScoringCategory":null,"AutoScoringCategory":null}},{"SurveyID":"SV_ePvCXzEVA8KoQPb","Element":"PROJ","PrimaryAttribute":"CORE","SecondaryAttribute":null,"TertiaryAttribute":"1.1.0","Payload":{"ProjectCategory":"CORE","SchemaVersion":"1.1.0"}},{"SurveyID":"SV_ePvCXzEVA8KoQPb","Element":"STAT","PrimaryAttribute":"Survey Statistics","SecondaryAttribute":null,"TertiaryAttribute":null,"Payload":{"MobileCompatible":false,"ID":"Survey Statistics"}},{"SurveyID":"SV_ePvCXzEVA8KoQPb","Element":"QC","PrimaryAttribute":"Survey Question Count","SecondaryAttribute":"2","TertiaryAttribute":null,"Payload":null},{"SurveyID":"SV_ePvCXzEVA8KoQPb","Element":"RS","PrimaryAttribute":"RS_879bZi2P7mtgyTH","SecondaryAttribute":"Default Response Set","TertiaryAttribute":null,"Payload":null},{"SurveyID":"SV_ePvCXzEVA8KoQPb","Element":"SQ","PrimaryAttribute":"QID1","SecondaryAttribute":"How much do you want to eat each of the following foods right now?","TertiaryAttribute":null,"Payload":{"QuestionText":"How much do you want to eat each of the following foods right now?","DefaultChoices":false,"DataExportTag":"Q1","QuestionID":"QID1","QuestionType":"Matrix","Selector":"Likert","SubSelector":"SingleAnswer","Configuration":{"QuestionDescriptionOption":"UseText","TextPosition":"inline","ChoiceColumnWidth":25,"RepeatHeaders":"none","WhiteSpace":"OFF","MobileFirst":false,"ChoiceColumnWidthPixels":182},"QuestionDescription":"How much do you want to eat each of the following foods right now?","Choices":{"1":{"Display":"","Image":{"Display":"01_apple.png","ImageLocation":"IM_8G1Fgj2GwExlDwh"}},"2":{"Display":"","Image":{"Display":"09_gummybears.png","ImageLocation":"IM_0kwQA3l057GLpJ3"}},"3":{"Display":"","Image":{"Display":"17_kitkat.png","ImageLocation":"IM_9pre4qgObAH768l"}},"4":{"Display":"","Image":{"Display":"24_popchips.png","ImageLocation":"IM_8xkQmNLDJEWj1Bj"}},"5":{"Display":"","Image":{"Display":"04_beets.png","ImageLocation":"IM_6GqrbSywm13jRNH"}}},"ChoiceOrder":[1,2,3,4,5],"Validation":{"Settings":{"ForceResponse":"OFF","ForceResponseType":"ON","Type":"None"}},"GradingData":[],"Language":[],"NextChoiceId":6,"NextAnswerId":10,"Answers":{"1":{"Display":"<div style=\"text-align: center;\">I <strong>really do not want <\/strong>to eat this food right now.<\/div>"},"6":{"Display":"<div style=\"text-align: center;\">I <strong>do not want <\/strong>to eat this food right now.<\/div>"},"7":{"Display":"<div style=\"text-align: center;\">I do not know.<\/div>"},"8":{"Display":"<div style=\"text-align: center;\">I <strong>want <\/strong>to want to eat this food right now.<\/div>"},"9":{"Display":"<div style=\"text-align: center;\">I <strong>really want <\/strong>to want to eat this food right now.<\/div>"}},"AnswerOrder":[1,"6","7","8","9"],"ChoiceDataExportTags":false,"DataVisibility":{"Private":false,"Hidden":false},"RecodeValues":{"1":"-2","6":"-1","7":"0","8":"1","9":"2"}}},{"SurveyID":"SV_ePvCXzEVA8KoQPb","Element":"SQ","PrimaryAttribute":"QID2","SecondaryAttribute":"Let's just double check that data is getting piped in from the link: \u00a0 subject_id\u00a0=\u00a0...","TertiaryAttribute":null,"Payload":{"QuestionText":"Let's just double check that data is getting piped in from the link:\n<div>&nbsp;<\/div>\n\n<div>subject_id&nbsp;=&nbsp;${e:\/\/Field\/subject_id}<br>\nexperimental_condition&nbsp;=&nbsp;${e:\/\/Field\/experimental_condition}<br>\n<br>\nNow print out the command that I am going to copy\/paste into MatLab:<br>\ntask('${e:\/\/Field\/subject_id}', '${e:\/\/Field\/ResponseID}')<\/div><div>\n&nbsp;<\/div>","DefaultChoices":false,"DataExportTag":"Q2","QuestionType":"DB","Selector":"TB","Configuration":{"QuestionDescriptionOption":"UseText"},"QuestionDescription":"Let's just double check that data is getting piped in from the link: \u00a0 subject_id\u00a0=\u00a0...","ChoiceOrder":[],"Validation":{"Settings":{"Type":"None"}},"GradingData":[],"Language":[],"NextChoiceId":4,"NextAnswerId":1,"QuestionID":"QID2","DataVisibility":{"Private":false,"Hidden":false}}}]}